
Microsoft Visual Studio Solution File, Format Version 12.00
# Visual Studio 15
VisualStudioVersion = 15.0.28307.1972
MinimumVisualStudioVersion = 10.0.40219.1
Project("{FAE04EC0-301F-11D3-BF4B-00C04F79EFBC}") = "OpenForm", "OpenForm\OpenForm.csproj", "{DAD12531-F8AA-42E1-918E-F27DA759BA99}"
EndProject
Global
	GlobalSection(SolutionConfigurationPlatforms) = preSolution
		Debug|Any CPU = Debug|Any CPU
		Release|Any CPU = Release|Any CPU
	EndGlobalSection
	GlobalSection(ProjectConfigurationPlatforms) = postSolution
		{DAD12531-F8AA-42E1-918E-F27DA759BA99}.Debug|Any CPU.ActiveCfg = Debug|Any CPU
		{DAD12531-F8AA-42E1-918E-F27DA759BA99}.Debug|Any CPU.Build.0 = Debug|Any CPU
		{DAD12531-F8AA-42E1-918E-F27DA759BA99}.Release|Any CPU.ActiveCfg = Release|Any CPU
		{DAD12531-F8AA-42E1-918E-F27DA759BA99}.Release|Any CPU.Build.0 = Release|Any CPU
	EndGlobalSection
	GlobalSection(SolutionProperties) = preSolution
		HideSolutionNode = FALSE
	EndGlobalSection
	GlobalSection(ExtensibilityGlobals) = postSolution
		SolutionGuid = {BD391FC8-5763-460E-B39A-4173AC1E1FC0}
	EndGlobalSection
EndGlobal
